// !$*UTF8*$!
{
	archiveVersion = 1;
	classes = {
	};
	objectVersion = 50;
	objects = {

/* Begin PBXBuildFile section */
		4840316521596703006D25DA /* StringExtensions.swift in Sources */ = {isa = PBXBuildFile; fileRef = 4840316421596703006D25DA /* StringExtensions.swift */; };
		485ED1E02175595C0047B386 /* UIButtonExtensions.swift in Sources */ = {isa = PBXBuildFile; fileRef = 485ED1DF2175595C0047B386 /* UIButtonExtensions.swift */; };
		485ED1E42176721E0047B386 /* DataSource.swift in Sources */ = {isa = PBXBuildFile; fileRef = 485ED1E32176721E0047B386 /* DataSource.swift */; };
		485ED1E6217675950047B386 /* ReceiptItem.swift in Sources */ = {isa = PBXBuildFile; fileRef = 485ED1E5217675950047B386 /* ReceiptItem.swift */; };
		485ED1E8217675EC0047B386 /* Receipt.swift in Sources */ = {isa = PBXBuildFile; fileRef = 485ED1E7217675EC0047B386 /* Receipt.swift */; };
		485ED1EC21767FA30047B386 /* CellTapDelegate.swift in Sources */ = {isa = PBXBuildFile; fileRef = 485ED1EB21767FA30047B386 /* CellTapDelegate.swift */; };
		485ED1EE2176867F0047B386 /* RequestMoneyDelegate.swift in Sources */ = {isa = PBXBuildFile; fileRef = 485ED1ED2176867F0047B386 /* RequestMoneyDelegate.swift */; };
		485ED1F02176BB220047B386 /* RequestPhoneNumberTableViewCell.swift in Sources */ = {isa = PBXBuildFile; fileRef = 485ED1EF2176BB220047B386 /* RequestPhoneNumberTableViewCell.swift */; };
		4883F3BE2145B9AA002D13F7 /* UITextFieldExtension.swift in Sources */ = {isa = PBXBuildFile; fileRef = 4883F3BD2145B9AA002D13F7 /* UITextFieldExtension.swift */; };
		4883F3C12145BAB3002D13F7 /* User.swift in Sources */ = {isa = PBXBuildFile; fileRef = 4883F3C02145BAB3002D13F7 /* User.swift */; };
		488E41052146E26800FD0547 /* SignUpViewController.swift in Sources */ = {isa = PBXBuildFile; fileRef = 488E41042146E26800FD0547 /* SignUpViewController.swift */; };
		489B84B721503E400036CD01 /* InvitePeopleViewController.swift in Sources */ = {isa = PBXBuildFile; fileRef = 489B84B621503E400036CD01 /* InvitePeopleViewController.swift */; };
		489B84B921503EB60036CD01 /* InvitePeopleTableViewCell.swift in Sources */ = {isa = PBXBuildFile; fileRef = 489B84B821503EB60036CD01 /* InvitePeopleTableViewCell.swift */; };
		489F44C7217944D9002E1ABA /* Contact.swift in Sources */ = {isa = PBXBuildFile; fileRef = 489F44C6217944D9002E1ABA /* Contact.swift */; };
		48B9B2E72140653000215E73 /* SelectItemsViewController.swift in Sources */ = {isa = PBXBuildFile; fileRef = 48B9B2E62140653000215E73 /* SelectItemsViewController.swift */; };
		48B9B2E921406A1400215E73 /* SelectItemTableViewCell.swift in Sources */ = {isa = PBXBuildFile; fileRef = 48B9B2E821406A1400215E73 /* SelectItemTableViewCell.swift */; };
		48B9B2EC2140D0D000215E73 /* RequestMoneyViewController.swift in Sources */ = {isa = PBXBuildFile; fileRef = 48B9B2EB2140D0D000215E73 /* RequestMoneyViewController.swift */; };
		48B9B2EE2140D7D900215E73 /* RequestTableViewCell.swift in Sources */ = {isa = PBXBuildFile; fileRef = 48B9B2ED2140D7D900215E73 /* RequestTableViewCell.swift */; };
		48C377382137261F0029E490 /* AppDelegate.swift in Sources */ = {isa = PBXBuildFile; fileRef = 48C377372137261F0029E490 /* AppDelegate.swift */; };
		48C3773A2137261F0029E490 /* LoginViewController.swift in Sources */ = {isa = PBXBuildFile; fileRef = 48C377392137261F0029E490 /* LoginViewController.swift */; };
		48C3773F213726210029E490 /* Assets.xcassets in Resources */ = {isa = PBXBuildFile; fileRef = 48C3773E213726210029E490 /* Assets.xcassets */; };
		48C3774C2137279A0029E490 /* AppFonts.swift in Sources */ = {isa = PBXBuildFile; fileRef = 48C3774B2137279A0029E490 /* AppFonts.swift */; };
		48C3775321374AA00029E490 /* ReceiptDetailsViewController.swift in Sources */ = {isa = PBXBuildFile; fileRef = 48C3775221374AA00029E490 /* ReceiptDetailsViewController.swift */; };
		48C3775521374B200029E490 /* PersonReceiptCell.swift in Sources */ = {isa = PBXBuildFile; fileRef = 48C3775421374B200029E490 /* PersonReceiptCell.swift */; };
		48C37757213786420029E490 /* AppColors.swift in Sources */ = {isa = PBXBuildFile; fileRef = 48C37756213786420029E490 /* AppColors.swift */; };
		48C3775A213786B40029E490 /* HomeViewController.swift in Sources */ = {isa = PBXBuildFile; fileRef = 48C37759213786B40029E490 /* HomeViewController.swift */; };
		48C3775C2137873A0029E490 /* FullReceiptCell.swift in Sources */ = {isa = PBXBuildFile; fileRef = 48C3775B2137873A0029E490 /* FullReceiptCell.swift */; };
		860F866B2146E66A00B32022 /* CheckPleaseAPI.swift in Sources */ = {isa = PBXBuildFile; fileRef = 860F866A2146E66A00B32022 /* CheckPleaseAPI.swift */; };
		860F866D2146E69E00B32022 /* Route.swift in Sources */ = {isa = PBXBuildFile; fileRef = 860F866C2146E69E00B32022 /* Route.swift */; };
		860F8670214714BC00B32022 /* TakePhotoViewController.swift in Sources */ = {isa = PBXBuildFile; fileRef = 860F866F214714BC00B32022 /* TakePhotoViewController.swift */; };
		93FE25D8A771092D2DCBD733 /* Pods_CheckPlease.framework in Frameworks */ = {isa = PBXBuildFile; fileRef = 339629119946F64974C33B85 /* Pods_CheckPlease.framework */; };
/* End PBXBuildFile section */

/* Begin PBXFileReference section */
		339629119946F64974C33B85 /* Pods_CheckPlease.framework */ = {isa = PBXFileReference; explicitFileType = wrapper.framework; includeInIndex = 0; path = Pods_CheckPlease.framework; sourceTree = BUILT_PRODUCTS_DIR; };
		4840316421596703006D25DA /* StringExtensions.swift */ = {isa = PBXFileReference; lastKnownFileType = sourcecode.swift; path = StringExtensions.swift; sourceTree = "<group>"; };
		485ED1DF2175595C0047B386 /* UIButtonExtensions.swift */ = {isa = PBXFileReference; lastKnownFileType = sourcecode.swift; path = UIButtonExtensions.swift; sourceTree = "<group>"; };
		485ED1E32176721E0047B386 /* DataSource.swift */ = {isa = PBXFileReference; lastKnownFileType = sourcecode.swift; path = DataSource.swift; sourceTree = "<group>"; };
		485ED1E5217675950047B386 /* ReceiptItem.swift */ = {isa = PBXFileReference; lastKnownFileType = sourcecode.swift; path = ReceiptItem.swift; sourceTree = "<group>"; };
		485ED1E7217675EC0047B386 /* Receipt.swift */ = {isa = PBXFileReference; lastKnownFileType = sourcecode.swift; path = Receipt.swift; sourceTree = "<group>"; };
		485ED1EB21767FA30047B386 /* CellTapDelegate.swift */ = {isa = PBXFileReference; lastKnownFileType = sourcecode.swift; path = CellTapDelegate.swift; sourceTree = "<group>"; };
		485ED1ED2176867F0047B386 /* RequestMoneyDelegate.swift */ = {isa = PBXFileReference; lastKnownFileType = sourcecode.swift; path = RequestMoneyDelegate.swift; sourceTree = "<group>"; };
		485ED1EF2176BB220047B386 /* RequestPhoneNumberTableViewCell.swift */ = {isa = PBXFileReference; lastKnownFileType = sourcecode.swift; path = RequestPhoneNumberTableViewCell.swift; sourceTree = "<group>"; };
		4883F3BD2145B9AA002D13F7 /* UITextFieldExtension.swift */ = {isa = PBXFileReference; lastKnownFileType = sourcecode.swift; path = UITextFieldExtension.swift; sourceTree = "<group>"; };
		4883F3C02145BAB3002D13F7 /* User.swift */ = {isa = PBXFileReference; lastKnownFileType = sourcecode.swift; path = User.swift; sourceTree = "<group>"; };
		488E41042146E26800FD0547 /* SignUpViewController.swift */ = {isa = PBXFileReference; lastKnownFileType = sourcecode.swift; path = SignUpViewController.swift; sourceTree = "<group>"; };
		489B84B621503E400036CD01 /* InvitePeopleViewController.swift */ = {isa = PBXFileReference; lastKnownFileType = sourcecode.swift; path = InvitePeopleViewController.swift; sourceTree = "<group>"; };
		489B84B821503EB60036CD01 /* InvitePeopleTableViewCell.swift */ = {isa = PBXFileReference; lastKnownFileType = sourcecode.swift; path = InvitePeopleTableViewCell.swift; sourceTree = "<group>"; };
		489F44C6217944D9002E1ABA /* Contact.swift */ = {isa = PBXFileReference; lastKnownFileType = sourcecode.swift; path = Contact.swift; sourceTree = "<group>"; };
		48B9B2E62140653000215E73 /* SelectItemsViewController.swift */ = {isa = PBXFileReference; lastKnownFileType = sourcecode.swift; path = SelectItemsViewController.swift; sourceTree = "<group>"; };
		48B9B2E821406A1400215E73 /* SelectItemTableViewCell.swift */ = {isa = PBXFileReference; lastKnownFileType = sourcecode.swift; path = SelectItemTableViewCell.swift; sourceTree = "<group>"; };
		48B9B2EB2140D0D000215E73 /* RequestMoneyViewController.swift */ = {isa = PBXFileReference; lastKnownFileType = sourcecode.swift; path = RequestMoneyViewController.swift; sourceTree = "<group>"; };
		48B9B2ED2140D7D900215E73 /* RequestTableViewCell.swift */ = {isa = PBXFileReference; lastKnownFileType = sourcecode.swift; path = RequestTableViewCell.swift; sourceTree = "<group>"; };
		48C377342137261F0029E490 /* CheckPlease.app */ = {isa = PBXFileReference; explicitFileType = wrapper.application; includeInIndex = 0; path = CheckPlease.app; sourceTree = BUILT_PRODUCTS_DIR; };
		48C377372137261F0029E490 /* AppDelegate.swift */ = {isa = PBXFileReference; lastKnownFileType = sourcecode.swift; path = AppDelegate.swift; sourceTree = "<group>"; };
		48C377392137261F0029E490 /* LoginViewController.swift */ = {isa = PBXFileReference; lastKnownFileType = sourcecode.swift; path = LoginViewController.swift; sourceTree = "<group>"; };
		48C3773E213726210029E490 /* Assets.xcassets */ = {isa = PBXFileReference; lastKnownFileType = folder.assetcatalog; path = Assets.xcassets; sourceTree = "<group>"; };
		48C37743213726210029E490 /* Info.plist */ = {isa = PBXFileReference; lastKnownFileType = text.plist.xml; path = Info.plist; sourceTree = "<group>"; };
		48C3774B2137279A0029E490 /* AppFonts.swift */ = {isa = PBXFileReference; lastKnownFileType = sourcecode.swift; path = AppFonts.swift; sourceTree = "<group>"; };
		48C3775221374AA00029E490 /* ReceiptDetailsViewController.swift */ = {isa = PBXFileReference; lastKnownFileType = sourcecode.swift; path = ReceiptDetailsViewController.swift; sourceTree = "<group>"; };
		48C3775421374B200029E490 /* PersonReceiptCell.swift */ = {isa = PBXFileReference; lastKnownFileType = sourcecode.swift; path = PersonReceiptCell.swift; sourceTree = "<group>"; };
		48C37756213786420029E490 /* AppColors.swift */ = {isa = PBXFileReference; lastKnownFileType = sourcecode.swift; path = AppColors.swift; sourceTree = "<group>"; };
		48C37759213786B40029E490 /* HomeViewController.swift */ = {isa = PBXFileReference; lastKnownFileType = sourcecode.swift; path = HomeViewController.swift; sourceTree = "<group>"; };
		48C3775B2137873A0029E490 /* FullReceiptCell.swift */ = {isa = PBXFileReference; lastKnownFileType = sourcecode.swift; path = FullReceiptCell.swift; sourceTree = "<group>"; };
		860F866A2146E66A00B32022 /* CheckPleaseAPI.swift */ = {isa = PBXFileReference; lastKnownFileType = sourcecode.swift; path = CheckPleaseAPI.swift; sourceTree = "<group>"; };
		860F866C2146E69E00B32022 /* Route.swift */ = {isa = PBXFileReference; lastKnownFileType = sourcecode.swift; path = Route.swift; sourceTree = "<group>"; };
		860F866F214714BC00B32022 /* TakePhotoViewController.swift */ = {isa = PBXFileReference; lastKnownFileType = sourcecode.swift; path = TakePhotoViewController.swift; sourceTree = "<group>"; };
		B0599B7C9A8652B1BB3E13EE /* Pods-CheckPlease.debug.xcconfig */ = {isa = PBXFileReference; includeInIndex = 1; lastKnownFileType = text.xcconfig; name = "Pods-CheckPlease.debug.xcconfig"; path = "Pods/Target Support Files/Pods-CheckPlease/Pods-CheckPlease.debug.xcconfig"; sourceTree = "<group>"; };
		CF364183EA9AA83E1294AD3D /* Pods-CheckPlease.release.xcconfig */ = {isa = PBXFileReference; includeInIndex = 1; lastKnownFileType = text.xcconfig; name = "Pods-CheckPlease.release.xcconfig"; path = "Pods/Target Support Files/Pods-CheckPlease/Pods-CheckPlease.release.xcconfig"; sourceTree = "<group>"; };
/* End PBXFileReference section */

/* Begin PBXFrameworksBuildPhase section */
		48C377312137261F0029E490 /* Frameworks */ = {
			isa = PBXFrameworksBuildPhase;
			buildActionMask = 2147483647;
			files = (
				93FE25D8A771092D2DCBD733 /* Pods_CheckPlease.framework in Frameworks */,
			);
			runOnlyForDeploymentPostprocessing = 0;
		};
/* End PBXFrameworksBuildPhase section */

/* Begin PBXGroup section */
		40F86D3CDB127A5EF96C6231 /* Pods */ = {
			isa = PBXGroup;
			children = (
				B0599B7C9A8652B1BB3E13EE /* Pods-CheckPlease.debug.xcconfig */,
				CF364183EA9AA83E1294AD3D /* Pods-CheckPlease.release.xcconfig */,
			);
			name = Pods;
			sourceTree = "<group>";
		};
		4883F3BA2145AF00002D13F7 /* Helpers */ = {
			isa = PBXGroup;
			children = (
				4840316421596703006D25DA /* StringExtensions.swift */,
				485ED1E32176721E0047B386 /* DataSource.swift */,
			);
			path = Helpers;
			sourceTree = "<group>";
		};
		4883F3BF2145BAA4002D13F7 /* Models */ = {
			isa = PBXGroup;
			children = (
				4883F3C02145BAB3002D13F7 /* User.swift */,
				489F44C6217944D9002E1ABA /* Contact.swift */,
				485ED1E5217675950047B386 /* ReceiptItem.swift */,
				485ED1E7217675EC0047B386 /* Receipt.swift */,
			);
			path = Models;
			sourceTree = "<group>";
		};
		489B84B521503E150036CD01 /* InvitePeoplePage */ = {
			isa = PBXGroup;
			children = (
				489B84B621503E400036CD01 /* InvitePeopleViewController.swift */,
				489B84B821503EB60036CD01 /* InvitePeopleTableViewCell.swift */,
			);
			path = InvitePeoplePage;
			sourceTree = "<group>";
		};
		48B9B2E52140650500215E73 /* SelectItemsPage */ = {
			isa = PBXGroup;
			children = (
				48B9B2E62140653000215E73 /* SelectItemsViewController.swift */,
				48B9B2E821406A1400215E73 /* SelectItemTableViewCell.swift */,
				485ED1EB21767FA30047B386 /* CellTapDelegate.swift */,
			);
			path = SelectItemsPage;
			sourceTree = "<group>";
		};
		48B9B2EA2140BF3B00215E73 /* RequestMoneyPage */ = {
			isa = PBXGroup;
			children = (
				48B9B2EB2140D0D000215E73 /* RequestMoneyViewController.swift */,
				48B9B2ED2140D7D900215E73 /* RequestTableViewCell.swift */,
				485ED1EF2176BB220047B386 /* RequestPhoneNumberTableViewCell.swift */,
				485ED1ED2176867F0047B386 /* RequestMoneyDelegate.swift */,
			);
			path = RequestMoneyPage;
			sourceTree = "<group>";
		};
		48C3772B2137261F0029E490 = {
			isa = PBXGroup;
			children = (
				48C377362137261F0029E490 /* CheckPlease */,
				48C377352137261F0029E490 /* Products */,
				40F86D3CDB127A5EF96C6231 /* Pods */,
				EEDC33EF6B73DF709DA16523 /* Frameworks */,
			);
			sourceTree = "<group>";
		};
		48C377352137261F0029E490 /* Products */ = {
			isa = PBXGroup;
			children = (
				48C377342137261F0029E490 /* CheckPlease.app */,
			);
			name = Products;
			sourceTree = "<group>";
		};
		48C377362137261F0029E490 /* CheckPlease */ = {
			isa = PBXGroup;
			children = (
				48C377372137261F0029E490 /* AppDelegate.swift */,
				4883F3BF2145BAA4002D13F7 /* Models */,
				860F86692146E63500B32022 /* Networking */,
				4883F3BA2145AF00002D13F7 /* Helpers */,
				48C3774A213727810029E490 /* UIElements */,
				860F866E2147149500B32022 /* TakePhotoViewController */,
				48B9B2EA2140BF3B00215E73 /* RequestMoneyPage */,
				489B84B521503E150036CD01 /* InvitePeoplePage */,
				48B9B2E52140650500215E73 /* SelectItemsPage */,
				48C37758213786700029E490 /* HomePage */,
				48C37749213726720029E490 /* LoginPages */,
				48C3775121374A090029E490 /* ReceiptDetailsPage */,
				48C3773E213726210029E490 /* Assets.xcassets */,
				48C37743213726210029E490 /* Info.plist */,
			);
			path = CheckPlease;
			sourceTree = "<group>";
		};
		48C37749213726720029E490 /* LoginPages */ = {
			isa = PBXGroup;
			children = (
				48C377392137261F0029E490 /* LoginViewController.swift */,
				488E41042146E26800FD0547 /* SignUpViewController.swift */,
			);
			path = LoginPages;
			sourceTree = "<group>";
		};
		48C3774A213727810029E490 /* UIElements */ = {
			isa = PBXGroup;
			children = (
				48C3774B2137279A0029E490 /* AppFonts.swift */,
				48C37756213786420029E490 /* AppColors.swift */,
				4883F3BD2145B9AA002D13F7 /* UITextFieldExtension.swift */,
				485ED1DF2175595C0047B386 /* UIButtonExtensions.swift */,
			);
			path = UIElements;
			sourceTree = "<group>";
		};
		48C3775121374A090029E490 /* ReceiptDetailsPage */ = {
			isa = PBXGroup;
			children = (
				48C3775221374AA00029E490 /* ReceiptDetailsViewController.swift */,
				48C3775421374B200029E490 /* PersonReceiptCell.swift */,
			);
			path = ReceiptDetailsPage;
			sourceTree = "<group>";
		};
		48C37758213786700029E490 /* HomePage */ = {
			isa = PBXGroup;
			children = (
				48C37759213786B40029E490 /* HomeViewController.swift */,
				48C3775B2137873A0029E490 /* FullReceiptCell.swift */,
			);
			path = HomePage;
			sourceTree = "<group>";
		};
		860F86692146E63500B32022 /* Networking */ = {
			isa = PBXGroup;
			children = (
				860F866A2146E66A00B32022 /* CheckPleaseAPI.swift */,
				860F866C2146E69E00B32022 /* Route.swift */,
			);
			path = Networking;
			sourceTree = "<group>";
		};
		860F866E2147149500B32022 /* TakePhotoViewController */ = {
			isa = PBXGroup;
			children = (
				860F866F214714BC00B32022 /* TakePhotoViewController.swift */,
			);
			path = TakePhotoViewController;
			sourceTree = "<group>";
		};
		EEDC33EF6B73DF709DA16523 /* Frameworks */ = {
			isa = PBXGroup;
			children = (
				339629119946F64974C33B85 /* Pods_CheckPlease.framework */,
			);
			name = Frameworks;
			sourceTree = "<group>";
		};
/* End PBXGroup section */

/* Begin PBXNativeTarget section */
		48C377332137261F0029E490 /* CheckPlease */ = {
			isa = PBXNativeTarget;
			buildConfigurationList = 48C37746213726210029E490 /* Build configuration list for PBXNativeTarget "CheckPlease" */;
			buildPhases = (
				129292855EC331DDED6EAF8C /* [CP] Check Pods Manifest.lock */,
				48C377302137261F0029E490 /* Sources */,
				48C377312137261F0029E490 /* Frameworks */,
				48C377322137261F0029E490 /* Resources */,
				DA78D98EA8D0EA76F1E72E71 /* [CP] Embed Pods Frameworks */,
			);
			buildRules = (
			);
			dependencies = (
			);
			name = CheckPlease;
			productName = CheckPlease;
			productReference = 48C377342137261F0029E490 /* CheckPlease.app */;
			productType = "com.apple.product-type.application";
		};
/* End PBXNativeTarget section */

/* Begin PBXProject section */
		48C3772C2137261F0029E490 /* Project object */ = {
			isa = PBXProject;
			attributes = {
				LastSwiftUpdateCheck = 0940;
				LastUpgradeCheck = 0940;
				ORGANIZATIONNAME = "Tony Cioara";
				TargetAttributes = {
					48C377332137261F0029E490 = {
						CreatedOnToolsVersion = 9.4.1;
					};
				};
			};
			buildConfigurationList = 48C3772F2137261F0029E490 /* Build configuration list for PBXProject "CheckPlease" */;
			compatibilityVersion = "Xcode 9.3";
			developmentRegion = en;
			hasScannedForEncodings = 0;
			knownRegions = (
				en,
				Base,
			);
			mainGroup = 48C3772B2137261F0029E490;
			productRefGroup = 48C377352137261F0029E490 /* Products */;
			projectDirPath = "";
			projectRoot = "";
			targets = (
				48C377332137261F0029E490 /* CheckPlease */,
			);
		};
/* End PBXProject section */

/* Begin PBXResourcesBuildPhase section */
		48C377322137261F0029E490 /* Resources */ = {
			isa = PBXResourcesBuildPhase;
			buildActionMask = 2147483647;
			files = (
				48C3773F213726210029E490 /* Assets.xcassets in Resources */,
			);
			runOnlyForDeploymentPostprocessing = 0;
		};
/* End PBXResourcesBuildPhase section */

/* Begin PBXShellScriptBuildPhase section */
		129292855EC331DDED6EAF8C /* [CP] Check Pods Manifest.lock */ = {
			isa = PBXShellScriptBuildPhase;
			buildActionMask = 2147483647;
			files = (
			);
			inputPaths = (
				"${PODS_PODFILE_DIR_PATH}/Podfile.lock",
				"${PODS_ROOT}/Manifest.lock",
			);
			name = "[CP] Check Pods Manifest.lock";
			outputPaths = (
				"$(DERIVED_FILE_DIR)/Pods-CheckPlease-checkManifestLockResult.txt",
			);
			runOnlyForDeploymentPostprocessing = 0;
			shellPath = /bin/sh;
			shellScript = "diff \"${PODS_PODFILE_DIR_PATH}/Podfile.lock\" \"${PODS_ROOT}/Manifest.lock\" > /dev/null\nif [ $? != 0 ] ; then\n    # print error to STDERR\n    echo \"error: The sandbox is not in sync with the Podfile.lock. Run 'pod install' or update your CocoaPods installation.\" >&2\n    exit 1\nfi\n# This output is used by Xcode 'outputs' to avoid re-running this script phase.\necho \"SUCCESS\" > \"${SCRIPT_OUTPUT_FILE_0}\"\n";
			showEnvVarsInLog = 0;
		};
		DA78D98EA8D0EA76F1E72E71 /* [CP] Embed Pods Frameworks */ = {
			isa = PBXShellScriptBuildPhase;
			buildActionMask = 2147483647;
			files = (
			);
			inputPaths = (
				"${SRCROOT}/Pods/Target Support Files/Pods-CheckPlease/Pods-CheckPlease-frameworks.sh",
				"${BUILT_PRODUCTS_DIR}/KeychainSwift/KeychainSwift.framework",
				"${BUILT_PRODUCTS_DIR}/SnapKit/SnapKit.framework",
				"${BUILT_PRODUCTS_DIR}/SwiftyJSON/SwiftyJSON.framework",
			);
			name = "[CP] Embed Pods Frameworks";
			outputPaths = (
				"${TARGET_BUILD_DIR}/${FRAMEWORKS_FOLDER_PATH}/KeychainSwift.framework",
				"${TARGET_BUILD_DIR}/${FRAMEWORKS_FOLDER_PATH}/SnapKit.framework",
				"${TARGET_BUILD_DIR}/${FRAMEWORKS_FOLDER_PATH}/SwiftyJSON.framework",
			);
			runOnlyForDeploymentPostprocessing = 0;
			shellPath = /bin/sh;
			shellScript = "\"${SRCROOT}/Pods/Target Support Files/Pods-CheckPlease/Pods-CheckPlease-frameworks.sh\"\n";
			showEnvVarsInLog = 0;
		};
/* End PBXShellScriptBuildPhase section */

/* Begin PBXSourcesBuildPhase section */
		48C377302137261F0029E490 /* Sources */ = {
			isa = PBXSourcesBuildPhase;
			buildActionMask = 2147483647;
			files = (
				489B84B721503E400036CD01 /* InvitePeopleViewController.swift in Sources */,
				485ED1E02175595C0047B386 /* UIButtonExtensions.swift in Sources */,
				48B9B2EC2140D0D000215E73 /* RequestMoneyViewController.swift in Sources */,
				48B9B2EE2140D7D900215E73 /* RequestTableViewCell.swift in Sources */,
				48C3773A2137261F0029E490 /* LoginViewController.swift in Sources */,
				488E41052146E26800FD0547 /* SignUpViewController.swift in Sources */,
				4840316521596703006D25DA /* StringExtensions.swift in Sources */,
				48C3775521374B200029E490 /* PersonReceiptCell.swift in Sources */,
				48C377382137261F0029E490 /* AppDelegate.swift in Sources */,
				48B9B2E72140653000215E73 /* SelectItemsViewController.swift in Sources */,
				4883F3C12145BAB3002D13F7 /* User.swift in Sources */,
				489F44C7217944D9002E1ABA /* Contact.swift in Sources */,
				485ED1F02176BB220047B386 /* RequestPhoneNumberTableViewCell.swift in Sources */,
				489B84B921503EB60036CD01 /* InvitePeopleTableViewCell.swift in Sources */,
				48C3775C2137873A0029E490 /* FullReceiptCell.swift in Sources */,
				485ED1E8217675EC0047B386 /* Receipt.swift in Sources */,
				485ED1E42176721E0047B386 /* DataSource.swift in Sources */,
				4883F3BE2145B9AA002D13F7 /* UITextFieldExtension.swift in Sources */,
				860F8670214714BC00B32022 /* TakePhotoViewController.swift in Sources */,
				48C3775A213786B40029E490 /* HomeViewController.swift in Sources */,
				485ED1EC21767FA30047B386 /* CellTapDelegate.swift in Sources */,
				48C37757213786420029E490 /* AppColors.swift in Sources */,
				48C3775321374AA00029E490 /* ReceiptDetailsViewController.swift in Sources */,
				485ED1E6217675950047B386 /* ReceiptItem.swift in Sources */,
				485ED1EE2176867F0047B386 /* RequestMoneyDelegate.swift in Sources */,
				860F866B2146E66A00B32022 /* CheckPleaseAPI.swift in Sources */,
				48B9B2E921406A1400215E73 /* SelectItemTableViewCell.swift in Sources */,
				48C3774C2137279A0029E490 /* AppFonts.swift in Sources */,
				860F866D2146E69E00B32022 /* Route.swift in Sources */,
			);
			runOnlyForDeploymentPostprocessing = 0;
		};
/* End PBXSourcesBuildPhase section */

/* Begin XCBuildConfiguration section */
		48C37744213726210029E490 /* Debug */ = {
			isa = XCBuildConfiguration;
			buildSettings = {
				ALWAYS_SEARCH_USER_PATHS = NO;
				CLANG_ANALYZER_NONNULL = YES;
				CLANG_ANALYZER_NUMBER_OBJECT_CONVERSION = YES_AGGRESSIVE;
				CLANG_CXX_LANGUAGE_STANDARD = "gnu++14";
				CLANG_CXX_LIBRARY = "libc++";
				CLANG_ENABLE_MODULES = YES;
				CLANG_ENABLE_OBJC_ARC = YES;
				CLANG_ENABLE_OBJC_WEAK = YES;
				CLANG_WARN_BLOCK_CAPTURE_AUTORELEASING = YES;
				CLANG_WARN_BOOL_CONVERSION = YES;
				CLANG_WARN_COMMA = YES;
				CLANG_WARN_CONSTANT_CONVERSION = YES;
				CLANG_WARN_DEPRECATED_OBJC_IMPLEMENTATIONS = YES;
				CLANG_WARN_DIRECT_OBJC_ISA_USAGE = YES_ERROR;
				CLANG_WARN_DOCUMENTATION_COMMENTS = YES;
				CLANG_WARN_EMPTY_BODY = YES;
				CLANG_WARN_ENUM_CONVERSION = YES;
				CLANG_WARN_INFINITE_RECURSION = YES;
				CLANG_WARN_INT_CONVERSION = YES;
				CLANG_WARN_NON_LITERAL_NULL_CONVERSION = YES;
				CLANG_WARN_OBJC_IMPLICIT_RETAIN_SELF = YES;
				CLANG_WARN_OBJC_LITERAL_CONVERSION = YES;
				CLANG_WARN_OBJC_ROOT_CLASS = YES_ERROR;
				CLANG_WARN_RANGE_LOOP_ANALYSIS = YES;
				CLANG_WARN_STRICT_PROTOTYPES = YES;
				CLANG_WARN_SUSPICIOUS_MOVE = YES;
				CLANG_WARN_UNGUARDED_AVAILABILITY = YES_AGGRESSIVE;
				CLANG_WARN_UNREACHABLE_CODE = YES;
				CLANG_WARN__DUPLICATE_METHOD_MATCH = YES;
				CODE_SIGN_IDENTITY = "iPhone Developer";
				COPY_PHASE_STRIP = NO;
				DEBUG_INFORMATION_FORMAT = dwarf;
				ENABLE_STRICT_OBJC_MSGSEND = YES;
				ENABLE_TESTABILITY = YES;
				GCC_C_LANGUAGE_STANDARD = gnu11;
				GCC_DYNAMIC_NO_PIC = NO;
				GCC_NO_COMMON_BLOCKS = YES;
				GCC_OPTIMIZATION_LEVEL = 0;
				GCC_PREPROCESSOR_DEFINITIONS = (
					"DEBUG=1",
					"$(inherited)",
				);
				GCC_WARN_64_TO_32_BIT_CONVERSION = YES;
				GCC_WARN_ABOUT_RETURN_TYPE = YES_ERROR;
				GCC_WARN_UNDECLARED_SELECTOR = YES;
				GCC_WARN_UNINITIALIZED_AUTOS = YES_AGGRESSIVE;
				GCC_WARN_UNUSED_FUNCTION = YES;
				GCC_WARN_UNUSED_VARIABLE = YES;
				IPHONEOS_DEPLOYMENT_TARGET = 11.4;
				MTL_ENABLE_DEBUG_INFO = YES;
				ONLY_ACTIVE_ARCH = YES;
				SDKROOT = iphoneos;
				SWIFT_ACTIVE_COMPILATION_CONDITIONS = DEBUG;
				SWIFT_OPTIMIZATION_LEVEL = "-Onone";
			};
			name = Debug;
		};
		48C37745213726210029E490 /* Release */ = {
			isa = XCBuildConfiguration;
			buildSettings = {
				ALWAYS_SEARCH_USER_PATHS = NO;
				CLANG_ANALYZER_NONNULL = YES;
				CLANG_ANALYZER_NUMBER_OBJECT_CONVERSION = YES_AGGRESSIVE;
				CLANG_CXX_LANGUAGE_STANDARD = "gnu++14";
				CLANG_CXX_LIBRARY = "libc++";
				CLANG_ENABLE_MODULES = YES;
				CLANG_ENABLE_OBJC_ARC = YES;
				CLANG_ENABLE_OBJC_WEAK = YES;
				CLANG_WARN_BLOCK_CAPTURE_AUTORELEASING = YES;
				CLANG_WARN_BOOL_CONVERSION = YES;
				CLANG_WARN_COMMA = YES;
				CLANG_WARN_CONSTANT_CONVERSION = YES;
				CLANG_WARN_DEPRECATED_OBJC_IMPLEMENTATIONS = YES;
				CLANG_WARN_DIRECT_OBJC_ISA_USAGE = YES_ERROR;
				CLANG_WARN_DOCUMENTATION_COMMENTS = YES;
				CLANG_WARN_EMPTY_BODY = YES;
				CLANG_WARN_ENUM_CONVERSION = YES;
				CLANG_WARN_INFINITE_RECURSION = YES;
				CLANG_WARN_INT_CONVERSION = YES;
				CLANG_WARN_NON_LITERAL_NULL_CONVERSION = YES;
				CLANG_WARN_OBJC_IMPLICIT_RETAIN_SELF = YES;
				CLANG_WARN_OBJC_LITERAL_CONVERSION = YES;
				CLANG_WARN_OBJC_ROOT_CLASS = YES_ERROR;
				CLANG_WARN_RANGE_LOOP_ANALYSIS = YES;
				CLANG_WARN_STRICT_PROTOTYPES = YES;
				CLANG_WARN_SUSPICIOUS_MOVE = YES;
				CLANG_WARN_UNGUARDED_AVAILABILITY = YES_AGGRESSIVE;
				CLANG_WARN_UNREACHABLE_CODE = YES;
				CLANG_WARN__DUPLICATE_METHOD_MATCH = YES;
				CODE_SIGN_IDENTITY = "iPhone Developer";
				COPY_PHASE_STRIP = NO;
				DEBUG_INFORMATION_FORMAT = "dwarf-with-dsym";
				ENABLE_NS_ASSERTIONS = NO;
				ENABLE_STRICT_OBJC_MSGSEND = YES;
				GCC_C_LANGUAGE_STANDARD = gnu11;
				GCC_NO_COMMON_BLOCKS = YES;
				GCC_WARN_64_TO_32_BIT_CONVERSION = YES;
				GCC_WARN_ABOUT_RETURN_TYPE = YES_ERROR;
				GCC_WARN_UNDECLARED_SELECTOR = YES;
				GCC_WARN_UNINITIALIZED_AUTOS = YES_AGGRESSIVE;
				GCC_WARN_UNUSED_FUNCTION = YES;
				GCC_WARN_UNUSED_VARIABLE = YES;
				IPHONEOS_DEPLOYMENT_TARGET = 11.4;
				MTL_ENABLE_DEBUG_INFO = NO;
				SDKROOT = iphoneos;
				SWIFT_COMPILATION_MODE = wholemodule;
				SWIFT_OPTIMIZATION_LEVEL = "-O";
				VALIDATE_PRODUCT = YES;
			};
			name = Release;
		};
		48C37747213726210029E490 /* Debug */ = {
			isa = XCBuildConfiguration;
			baseConfigurationReference = B0599B7C9A8652B1BB3E13EE /* Pods-CheckPlease.debug.xcconfig */;
			buildSettings = {
				ASSETCATALOG_COMPILER_APPICON_NAME = AppIcon;
				CODE_SIGN_STYLE = Automatic;
				DEVELOPMENT_TEAM = JDYWQEVARC;
				INFOPLIST_FILE = CheckPlease/Info.plist;
				LD_RUNPATH_SEARCH_PATHS = (
					"$(inherited)",
					"@executable_path/Frameworks",
				);
				PRODUCT_BUNDLE_IDENTIFIER = com.TonyCioara.CheckPlease;
				PRODUCT_NAME = "$(TARGET_NAME)";
				SWIFT_VERSION = 4.0;
				TARGETED_DEVICE_FAMILY = "1,2";
			};
			name = Debug;
		};
		48C37748213726210029E490 /* Release */ = {
			isa = XCBuildConfiguration;
			baseConfigurationReference = CF364183EA9AA83E1294AD3D /* Pods-CheckPlease.release.xcconfig */;
			buildSettings = {
				ASSETCATALOG_COMPILER_APPICON_NAME = AppIcon;
				CODE_SIGN_STYLE = Automatic;
				DEVELOPMENT_TEAM = JDYWQEVARC;
				INFOPLIST_FILE = CheckPlease/Info.plist;
				LD_RUNPATH_SEARCH_PATHS = (
					"$(inherited)",
					"@executable_path/Frameworks",
				);
				PRODUCT_BUNDLE_IDENTIFIER = com.TonyCioara.CheckPlease;
				PRODUCT_NAME = "$(TARGET_NAME)";
				SWIFT_VERSION = 4.0;
				TARGETED_DEVICE_FAMILY = "1,2";
			};
			name = Release;
		};
/* End XCBuildConfiguration section */

/* Begin XCConfigurationList section */
		48C3772F2137261F0029E490 /* Build configuration list for PBXProject "CheckPlease" */ = {
			isa = XCConfigurationList;
			buildConfigurations = (
				48C37744213726210029E490 /* Debug */,
				48C37745213726210029E490 /* Release */,
			);
			defaultConfigurationIsVisible = 0;
			defaultConfigurationName = Release;
		};
		48C37746213726210029E490 /* Build configuration list for PBXNativeTarget "CheckPlease" */ = {
			isa = XCConfigurationList;
			buildConfigurations = (
				48C37747213726210029E490 /* Debug */,
				48C37748213726210029E490 /* Release */,
			);
			defaultConfigurationIsVisible = 0;
			defaultConfigurationName = Release;
		};
/* End XCConfigurationList section */
	};
	rootObject = 48C3772C2137261F0029E490 /* Project object */;
}
